
Microsoft Visual Studio Solution File, Format Version 12.00
# Visual Studio 15
VisualStudioVersion = 15.0.28010.2048
MinimumVisualStudioVersion = 10.0.40219.1
Project("{9A19103F-16F7-4668-BE54-9A1E7A4F7556}") = "LeifssonCoreWeb", "LeifssonCoreWeb\LeifssonCoreWeb.csproj", "{14143631-FFA9-44A1-BB4E-143C12096427}"
EndProject
Project("{E53339B2-1760-4266-BCC7-CA923CBCF16C}") = "docker-compose", "docker-compose.dcproj", "{66271FC8-2BF6-4D96-87DD-7B031301CDCD}"
EndProject
Global
	GlobalSection(SolutionConfigurationPlatforms) = preSolution
		Debug|Any CPU = Debug|Any CPU
		Release|Any CPU = Release|Any CPU
	EndGlobalSection
	GlobalSection(ProjectConfigurationPlatforms) = postSolution
		{14143631-FFA9-44A1-BB4E-143C12096427}.Debug|Any CPU.ActiveCfg = Debug|Any CPU
		{14143631-FFA9-44A1-BB4E-143C12096427}.Debug|Any CPU.Build.0 = Debug|Any CPU
		{14143631-FFA9-44A1-BB4E-143C12096427}.Release|Any CPU.ActiveCfg = Release|Any CPU
		{14143631-FFA9-44A1-BB4E-143C12096427}.Release|Any CPU.Build.0 = Release|Any CPU
		{66271FC8-2BF6-4D96-87DD-7B031301CDCD}.Debug|Any CPU.ActiveCfg = Debug|Any CPU
		{66271FC8-2BF6-4D96-87DD-7B031301CDCD}.Debug|Any CPU.Build.0 = Debug|Any CPU
		{66271FC8-2BF6-4D96-87DD-7B031301CDCD}.Release|Any CPU.ActiveCfg = Release|Any CPU
		{66271FC8-2BF6-4D96-87DD-7B031301CDCD}.Release|Any CPU.Build.0 = Release|Any CPU
	EndGlobalSection
	GlobalSection(SolutionProperties) = preSolution
		HideSolutionNode = FALSE
	EndGlobalSection
	GlobalSection(ExtensibilityGlobals) = postSolution
		SolutionGuid = {CBD8B239-E79B-4677-B219-7C341A0A009B}
	EndGlobalSection
EndGlobal
